
Microsoft Visual Studio Solution File, Format Version 12.00
# Visual Studio Version 17
VisualStudioVersion = 17.2.32422.2
MinimumVisualStudioVersion = 10.0.40219.1
Project("{8BC9CEB8-8B4A-11D0-8D11-00A0C91BC942}") = "StandardCollections", "StandardCollections.vcxitems", "{6A1B6FF9-C65C-49A9-BEFF-935FC2A4470F}"
EndProject
Project("{8BC9CEB8-8B4A-11D0-8D11-00A0C91BC942}") = "TestingProgram", "TestingProgram\TestingProgram.vcxproj", "{3F80113A-19E6-4F59-9C43-D325FA0DAE30}"
EndProject
Project("{2150E333-8FDC-42A3-9474-1A3956D46DE8}") = "To Do", "To Do", "{8696DC21-4969-4477-A902-C386AD7183A5}"
	ProjectSection(SolutionItems) = preProject
		Features To Add.txt = Features To Add.txt
		Things To Do Later.txt = Things To Do Later.txt
		Things To Fix or Check.txt = Things To Fix or Check.txt
	EndProjectSection
EndProject
Global
	GlobalSection(SolutionConfigurationPlatforms) = preSolution
		Debug|x64 = Debug|x64
		Debug|x86 = Debug|x86
		Release|x64 = Release|x64
		Release|x86 = Release|x86
	EndGlobalSection
	GlobalSection(ProjectConfigurationPlatforms) = postSolution
		{3F80113A-19E6-4F59-9C43-D325FA0DAE30}.Debug|x64.ActiveCfg = Debug|x64
		{3F80113A-19E6-4F59-9C43-D325FA0DAE30}.Debug|x64.Build.0 = Debug|x64
		{3F80113A-19E6-4F59-9C43-D325FA0DAE30}.Debug|x86.ActiveCfg = Debug|Win32
		{3F80113A-19E6-4F59-9C43-D325FA0DAE30}.Debug|x86.Build.0 = Debug|Win32
		{3F80113A-19E6-4F59-9C43-D325FA0DAE30}.Release|x64.ActiveCfg = Release|x64
		{3F80113A-19E6-4F59-9C43-D325FA0DAE30}.Release|x64.Build.0 = Release|x64
		{3F80113A-19E6-4F59-9C43-D325FA0DAE30}.Release|x86.ActiveCfg = Release|Win32
		{3F80113A-19E6-4F59-9C43-D325FA0DAE30}.Release|x86.Build.0 = Release|Win32
	EndGlobalSection
	GlobalSection(SolutionProperties) = preSolution
		HideSolutionNode = FALSE
	EndGlobalSection
	GlobalSection(ExtensibilityGlobals) = postSolution
		SolutionGuid = {014B225B-7211-4959-9EF2-226874628330}
	EndGlobalSection
	GlobalSection(SharedMSBuildProjectFiles) = preSolution
		StandardCollections.vcxitems*{3f80113a-19e6-4f59-9c43-d325fa0dae30}*SharedItemsImports = 4
		StandardCollections.vcxitems*{6a1b6ff9-c65c-49a9-beff-935fc2a4470f}*SharedItemsImports = 9
	EndGlobalSection
EndGlobal
