
Microsoft Visual Studio Solution File, Format Version 12.00
# Visual Studio Version 17
VisualStudioVersion = 17.2.32422.2
MinimumVisualStudioVersion = 10.0.40219.1
Project("{8BC9CEB8-8B4A-11D0-8D11-00A0C91BC942}") = "StandardCollections", "StandardCollections.vcxitems", "{6A1B6FF9-C65C-49A9-BEFF-935FC2A4470F}"
EndProject
Project("{2150E333-8FDC-42A3-9474-1A3956D46DE8}") = "lib", "lib", "{09931E67-F33A-4438-A5BA-9C40495DBC20}"
	ProjectSection(SolutionItems) = preProject
		keywords.txt = keywords.txt
		library.properties = library.properties
		lib\LibraryInfo.md = lib\LibraryInfo.md
	EndProjectSection
EndProject
Project("{2150E333-8FDC-42A3-9474-1A3956D46DE8}") = "Notes", "Notes", "{BBB79141-AAF6-468E-BC07-9C2B3CBA4A93}"
	ProjectSection(SolutionItems) = preProject
		lib\Notes\Features To Add.txt = lib\Notes\Features To Add.txt
		lib\Notes\Things To Do Later.txt = lib\Notes\Things To Do Later.txt
		lib\Notes\Things To Fix or Check.txt = lib\Notes\Things To Fix or Check.txt
	EndProjectSection
EndProject
Project("{2150E333-8FDC-42A3-9474-1A3956D46DE8}") = "test", "test", "{B2C44281-E2D6-4196-8119-D5889E5332EB}"
EndProject
Project("{8BC9CEB8-8B4A-11D0-8D11-00A0C91BC942}") = "TestingProgram", "test\TestingProgram\TestingProgram.vcxproj", "{3F80113A-19E6-4F59-9C43-D325FA0DAE30}"
EndProject
Project("{2150E333-8FDC-42A3-9474-1A3956D46DE8}") = "docs", "docs", "{7F2687BB-AC31-4AC7-84AD-4ABC9962592F}"
EndProject
Project("{2150E333-8FDC-42A3-9474-1A3956D46DE8}") = "examples", "examples", "{4BC778C4-8E46-4ECF-952A-EEB8CAA45465}"
EndProject
Project("{2150E333-8FDC-42A3-9474-1A3956D46DE8}") = "Arduino", "Arduino", "{402020A3-3ADF-4A00-94FB-9BDA11F16C15}"
	ProjectSection(SolutionItems) = preProject
		test\Arduino\Arduino.ino = test\Arduino\Arduino.ino
	EndProjectSection
EndProject
Project("{2150E333-8FDC-42A3-9474-1A3956D46DE8}") = "Arduino", "Arduino", "{94CDF3FF-7890-4977-B8B3-9550FF920990}"
	ProjectSection(SolutionItems) = preProject
		examples\ArduinoArrays\ArduinoArrays.ino = examples\ArduinoArrays\ArduinoArrays.ino
		examples\ArduinoCArrays\ArduinoCArrays.ino = examples\ArduinoCArrays\ArduinoCArrays.ino
		examples\ArduinoDynamicArrays\ArduinoDynamicArrays.ino = examples\ArduinoDynamicArrays\ArduinoDynamicArrays.ino
		examples\ArduinoIterators\ArduinoIterators.ino = examples\ArduinoIterators\ArduinoIterators.ino
		examples\ArduinoJaggedArrays\ArduinoJaggedArrays.ino = examples\ArduinoJaggedArrays\ArduinoJaggedArrays.ino
	EndProjectSection
EndProject
Global
	GlobalSection(SolutionConfigurationPlatforms) = preSolution
		Debug|x64 = Debug|x64
		Debug|x86 = Debug|x86
		Release|x64 = Release|x64
		Release|x86 = Release|x86
	EndGlobalSection
	GlobalSection(ProjectConfigurationPlatforms) = postSolution
		{3F80113A-19E6-4F59-9C43-D325FA0DAE30}.Debug|x64.ActiveCfg = Debug|x64
		{3F80113A-19E6-4F59-9C43-D325FA0DAE30}.Debug|x64.Build.0 = Debug|x64
		{3F80113A-19E6-4F59-9C43-D325FA0DAE30}.Debug|x86.ActiveCfg = Debug|Win32
		{3F80113A-19E6-4F59-9C43-D325FA0DAE30}.Debug|x86.Build.0 = Debug|Win32
		{3F80113A-19E6-4F59-9C43-D325FA0DAE30}.Release|x64.ActiveCfg = Release|x64
		{3F80113A-19E6-4F59-9C43-D325FA0DAE30}.Release|x64.Build.0 = Release|x64
		{3F80113A-19E6-4F59-9C43-D325FA0DAE30}.Release|x86.ActiveCfg = Release|Win32
		{3F80113A-19E6-4F59-9C43-D325FA0DAE30}.Release|x86.Build.0 = Release|Win32
	EndGlobalSection
	GlobalSection(SolutionProperties) = preSolution
		HideSolutionNode = FALSE
	EndGlobalSection
	GlobalSection(NestedProjects) = preSolution
		{BBB79141-AAF6-468E-BC07-9C2B3CBA4A93} = {09931E67-F33A-4438-A5BA-9C40495DBC20}
		{3F80113A-19E6-4F59-9C43-D325FA0DAE30} = {B2C44281-E2D6-4196-8119-D5889E5332EB}
		{402020A3-3ADF-4A00-94FB-9BDA11F16C15} = {B2C44281-E2D6-4196-8119-D5889E5332EB}
		{94CDF3FF-7890-4977-B8B3-9550FF920990} = {4BC778C4-8E46-4ECF-952A-EEB8CAA45465}
	EndGlobalSection
	GlobalSection(ExtensibilityGlobals) = postSolution
		SolutionGuid = {014B225B-7211-4959-9EF2-226874628330}
	EndGlobalSection
	GlobalSection(SharedMSBuildProjectFiles) = preSolution
		StandardCollections.vcxitems*{3f80113a-19e6-4f59-9c43-d325fa0dae30}*SharedItemsImports = 4
		StandardCollections.vcxitems*{6a1b6ff9-c65c-49a9-beff-935fc2a4470f}*SharedItemsImports = 9
	EndGlobalSection
EndGlobal
