<?xml version="1.0" encoding="utf-8"?>
<Project ToolsVersion="4.0" xmlns="http://schemas.microsoft.com/developer/msbuild/2003">
  <ItemGroup>
    <Filter Include="CustomCollections">
      <UniqueIdentifier>{b6050ca7-e5c0-45c1-89c4-112643d205f4}</UniqueIdentifier>
    </Filter>
  </ItemGroup>
  <ItemGroup>
    <ClInclude Include="$(MSBuildThisFileDirectory)Array.h">
      <Filter>CustomCollections</Filter>
    </ClInclude>
    <ClInclude Include="$(MSBuildThisFileDirectory)Collection.h" />
    <ClInclude Include="$(MSBuildThisFileDirectory)CollectionDeclarations.h" />
    <ClInclude Include="$(MSBuildThisFileDirectory)DynamicCollection.h" />
    <ClInclude Include="$(MSBuildThisFileDirectory)Iterators.h" />
    <ClInclude Include="$(MSBuildThisFileDirectory)IteratorWrappers.h" />
    <ClInclude Include="$(MSBuildThisFileDirectory)StandardCollections.h" />
    <ClInclude Include="$(MSBuildThisFileDirectory)DynamicArray.h">
      <Filter>CustomCollections</Filter>
    </ClInclude>
  </ItemGroup>
</Project>