<?xml version="1.0" encoding="utf-8"?>
<Project ToolsVersion="4.0" xmlns="http://schemas.microsoft.com/developer/msbuild/2003">
  <ItemGroup>
    <Filter Include="Source Files">
      <UniqueIdentifier>{4FC737F1-C7A5-4376-A066-2A32D752A2FF}</UniqueIdentifier>
      <Extensions>cpp;c;cc;cxx;c++;cppm;ixx;def;odl;idl;hpj;bat;asm;asmx</Extensions>
    </Filter>
    <Filter Include="Header Files">
      <UniqueIdentifier>{93995380-89BD-4b04-88EB-625FBE52EBFB}</UniqueIdentifier>
      <Extensions>h;hh;hpp;hxx;h++;hm;inl;inc;ipp;xsd</Extensions>
    </Filter>
    <Filter Include="Header Files\Test Headers">
      <UniqueIdentifier>{f3c463d0-d858-40b6-83d8-c6848a6fedb4}</UniqueIdentifier>
    </Filter>
  </ItemGroup>
  <ItemGroup>
    <ClCompile Include="TestingProgram.cpp">
      <Filter>Source Files</Filter>
    </ClCompile>
  </ItemGroup>
  <ItemGroup>
    <ClInclude Include="TestProvider.h">
      <Filter>Header Files\Test Headers</Filter>
    </ClInclude>
    <ClInclude Include="CStyleArrayTest.h">
      <Filter>Header Files\Test Headers</Filter>
    </ClInclude>
    <ClInclude Include="ArrayTest.h">
      <Filter>Header Files\Test Headers</Filter>
    </ClInclude>
    <ClInclude Include="Commons.h">
      <Filter>Header Files</Filter>
    </ClInclude>
    <ClInclude Include="CollectionToolsTest.h">
      <Filter>Header Files\Test Headers</Filter>
    </ClInclude>
    <ClInclude Include="OrderedTests.h">
      <Filter>Header Files</Filter>
    </ClInclude>
    <ClInclude Include="DynamicArrayTest.h">
      <Filter>Header Files\Test Headers</Filter>
    </ClInclude>
  </ItemGroup>
</Project>